{
  "name": "udemy_vue",
  "version": "1.0.0",
  "lockfileVersion": 1,
  "dependencies": {
    "vue": {
      "version": "2.3.4",
      "resolved": "http://registry.npm.taobao.org/vue/download/vue-2.3.4.tgz",
      "integrity": "sha1-XsO4ehkdqAkLvvVrfPq9QVgDgXE="
    },
    "wingcss": {
      "version": "1.0.0-beta",
      "resolved": "http://registry.npm.taobao.org/wingcss/download/wingcss-1.0.0-beta.tgz",
      "integrity": "sha1-DS7DJn6RtHx26zwCBpdl55U8zB0="
    }
  }
}
